{
  "nodes": {
    "flake-utils": {
      "locked": {
        "lastModified": 1642700792,
        "narHash": "sha256-XqHrk7hFb+zBvRg6Ghl+AZDq03ov6OshJLiSWOoX5es=",
        "owner": "numtide",
        "repo": "flake-utils",
        "rev": "846b2ae0fc4cc943637d3d1def4454213e203cba",
        "type": "github"
      },
      "original": {
        "owner": "numtide",
        "repo": "flake-utils",
        "type": "github"
      }
    },
    "mach-nix": {
      "inputs": {
        "flake-utils": "flake-utils",
        "nixpkgs": "nixpkgs",
        "pypi-deps-db": [
          "pypi"
        ]
      },
      "locked": {
        "lastModified": 1681814846,
        "narHash": "sha256-IMQ1Twf/ozE53CwrunXNlYD3D31xqgz/mZyZG38Ov/Y=",
        "owner": "DavHau",
        "repo": "mach-nix",
        "rev": "8d903072c7b5426d90bc42a008242c76590af916",
        "type": "github"
      },
      "original": {
        "owner": "DavHau",
        "repo": "mach-nix",
        "type": "github"
      }
    },
    "nixpkgs": {
      "locked": {
        "lastModified": 1643805626,
        "narHash": "sha256-AXLDVMG+UaAGsGSpOtQHPIKB+IZ0KSd9WS77aanGzgc=",
        "owner": "NixOS",
        "repo": "nixpkgs",
        "rev": "554d2d8aa25b6e583575459c297ec23750adb6cb",
        "type": "github"
      },
      "original": {
        "id": "nixpkgs",
        "ref": "nixos-unstable",
        "type": "indirect"
      }
    },
    "nixpkgs_2": {
      "locked": {
        "lastModified": 1683442750,
        "narHash": "sha256-IiJ0WWW6OcCrVFl1ijE+gTaP0ChFfV6dNkJR05yStmw=",
        "owner": "NixOS",
        "repo": "nixpkgs",
        "rev": "eb751d65225ec53de9cf3d88acbf08d275882389",
        "type": "github"
      },
      "original": {
        "id": "nixpkgs",
        "type": "indirect"
      }
    },
    "pypi": {
      "flake": false,
      "locked": {
        "lastModified": 1683450728,
        "narHash": "sha256-zvOgtrAFsD/yTweAT/0omfs7k29lN0psu/kVXmrQebY=",
        "owner": "DavHau",
        "repo": "pypi-deps-db",
        "rev": "3fb29073fe779cdfb72a20b9394f1b8d6234011f",
        "type": "github"
      },
      "original": {
        "owner": "DavHau",
        "repo": "pypi-deps-db",
        "type": "github"
      }
    },
    "root": {
      "inputs": {
        "mach-nix": "mach-nix",
        "nixpkgs": "nixpkgs_2",
        "pypi": "pypi"
      }
    }
  },
  "root": "root",
  "version": 7
}
